
Microsoft Visual Studio Solution File, Format Version 12.00
# Visual Studio 15
VisualStudioVersion = 15.0.26730.10
MinimumVisualStudioVersion = 10.0.40219.1
Project("{FAE04EC0-301F-11D3-BF4B-00C04F79EFBC}") = "ConsoleUtils", "ConsoleUtils\ConsoleUtils.csproj", "{8170828E-A0D8-4515-ADA7-BCB91259B1E0}"
EndProject
Project("{9A19103F-16F7-4668-BE54-9A1E7A4F7556}") = "ConsoleUtils Testing", "ConsoleUtils Testing\ConsoleUtils Testing.csproj", "{D328B8F2-1844-4EA9-A23E-71CB1CBC8DD1}"
EndProject
Global
	GlobalSection(SolutionConfigurationPlatforms) = preSolution
		Debug|Any CPU = Debug|Any CPU
		Release|Any CPU = Release|Any CPU
	EndGlobalSection
	GlobalSection(ProjectConfigurationPlatforms) = postSolution
		{8170828E-A0D8-4515-ADA7-BCB91259B1E0}.Debug|Any CPU.ActiveCfg = Debug|Any CPU
		{8170828E-A0D8-4515-ADA7-BCB91259B1E0}.Debug|Any CPU.Build.0 = Debug|Any CPU
		{8170828E-A0D8-4515-ADA7-BCB91259B1E0}.Release|Any CPU.ActiveCfg = Release|Any CPU
		{8170828E-A0D8-4515-ADA7-BCB91259B1E0}.Release|Any CPU.Build.0 = Release|Any CPU
		{D328B8F2-1844-4EA9-A23E-71CB1CBC8DD1}.Debug|Any CPU.ActiveCfg = Debug|Any CPU
		{D328B8F2-1844-4EA9-A23E-71CB1CBC8DD1}.Debug|Any CPU.Build.0 = Debug|Any CPU
		{D328B8F2-1844-4EA9-A23E-71CB1CBC8DD1}.Release|Any CPU.ActiveCfg = Release|Any CPU
		{D328B8F2-1844-4EA9-A23E-71CB1CBC8DD1}.Release|Any CPU.Build.0 = Release|Any CPU
	EndGlobalSection
	GlobalSection(SolutionProperties) = preSolution
		HideSolutionNode = FALSE
	EndGlobalSection
	GlobalSection(ExtensibilityGlobals) = postSolution
		SolutionGuid = {E6A6833B-1218-4F65-9864-9F06B9C1A9B3}
	EndGlobalSection
	GlobalSection(TeamFoundationVersionControl) = preSolution
		SccNumberOfProjects = 3
		SccEnterpriseProvider = {4CA58AB2-18FA-4F8D-95D4-32DDF27D184C}
		SccTeamFoundationServer = https://joshduncancode.visualstudio.com/DefaultCollection
		SccLocalPath0 = .
		SccProjectUniqueName1 = ConsoleUtils\u0020Testing\\ConsoleUtils\u0020Testing.csproj
		SccProjectName1 = ConsoleUtils\u0020Testing
		SccLocalPath1 = ConsoleUtils\u0020Testing
		SccProjectUniqueName2 = ConsoleUtils\\ConsoleUtils.csproj
		SccProjectName2 = ConsoleUtils
		SccLocalPath2 = ConsoleUtils
	EndGlobalSection
EndGlobal
